
Microsoft Visual Studio Solution File, Format Version 12.00
# Visual Studio Version 17
VisualStudioVersion = 17.14.37328.6
MinimumVisualStudioVersion = 10.0.40219.1
Project("{FAE04EC0-301F-11D3-BF4B-00C04F79EFBC}") = "ReadManager.Api", "src\ReadManager.Api\ReadManager.Api.csproj", "{7E72411C-07C0-5177-BA8D-D22BDA481DB9}"
EndProject
Project("{FAE04EC0-301F-11D3-BF4B-00C04F79EFBC}") = "ReadManager.Mobile", "src\ReadManager.Mobile\ReadManager.Mobile.csproj", "{352C3839-D37F-1A26-3F99-04DC2CB71DC6}"
EndProject
Project("{FAE04EC0-301F-11D3-BF4B-00C04F79EFBC}") = "ReadManager.Web", "src\ReadManager.Web\ReadManager.Web.csproj", "{87CC7292-534B-E581-542D-3CF55E8E8A39}"
EndProject
Global
	GlobalSection(SolutionConfigurationPlatforms) = preSolution
		Debug|Any CPU = Debug|Any CPU
		Release|Any CPU = Release|Any CPU
	EndGlobalSection
	GlobalSection(ProjectConfigurationPlatforms) = postSolution
		{7E72411C-07C0-5177-BA8D-D22BDA481DB9}.Debug|Any CPU.ActiveCfg = Debug|Any CPU
		{7E72411C-07C0-5177-BA8D-D22BDA481DB9}.Debug|Any CPU.Build.0 = Debug|Any CPU
		{7E72411C-07C0-5177-BA8D-D22BDA481DB9}.Release|Any CPU.ActiveCfg = Release|Any CPU
		{7E72411C-07C0-5177-BA8D-D22BDA481DB9}.Release|Any CPU.Build.0 = Release|Any CPU
		{352C3839-D37F-1A26-3F99-04DC2CB71DC6}.Debug|Any CPU.ActiveCfg = Debug|Any CPU
		{352C3839-D37F-1A26-3F99-04DC2CB71DC6}.Debug|Any CPU.Build.0 = Debug|Any CPU
		{352C3839-D37F-1A26-3F99-04DC2CB71DC6}.Release|Any CPU.ActiveCfg = Release|Any CPU
		{352C3839-D37F-1A26-3F99-04DC2CB71DC6}.Release|Any CPU.Build.0 = Release|Any CPU
		{87CC7292-534B-E581-542D-3CF55E8E8A39}.Debug|Any CPU.ActiveCfg = Debug|Any CPU
		{87CC7292-534B-E581-542D-3CF55E8E8A39}.Debug|Any CPU.Build.0 = Debug|Any CPU
		{87CC7292-534B-E581-542D-3CF55E8E8A39}.Release|Any CPU.ActiveCfg = Release|Any CPU
		{87CC7292-534B-E581-542D-3CF55E8E8A39}.Release|Any CPU.Build.0 = Release|Any CPU
	EndGlobalSection
	GlobalSection(SolutionProperties) = preSolution
		HideSolutionNode = FALSE
	EndGlobalSection
	GlobalSection(ExtensibilityGlobals) = postSolution
		SolutionGuid = {1CF8C024-F5F0-46CB-A579-C7FF3A0B8712}
	EndGlobalSection
EndGlobal
